
Microsoft Visual Studio Solution File, Format Version 12.00
# Visual Studio Version 16
VisualStudioVersion = 16.0.31112.23
MinimumVisualStudioVersion = 10.0.40219.1
Project("{FAE04EC0-301F-11D3-BF4B-00C04F79EFBC}") = "Domain", "Domain\Domain.csproj", "{1DC49A26-C4EE-4FC1-A576-C8EF12C91273}"
EndProject
Project("{FAE04EC0-301F-11D3-BF4B-00C04F79EFBC}") = "App", "App\App.csproj", "{84549F18-0FE8-454C-815E-8E9300170487}"
EndProject
Global
	GlobalSection(SolutionConfigurationPlatforms) = preSolution
		Debug|Any CPU = Debug|Any CPU
		Release|Any CPU = Release|Any CPU
	EndGlobalSection
	GlobalSection(ProjectConfigurationPlatforms) = postSolution
		{1DC49A26-C4EE-4FC1-A576-C8EF12C91273}.Debug|Any CPU.ActiveCfg = Debug|Any CPU
		{1DC49A26-C4EE-4FC1-A576-C8EF12C91273}.Debug|Any CPU.Build.0 = Debug|Any CPU
		{1DC49A26-C4EE-4FC1-A576-C8EF12C91273}.Release|Any CPU.ActiveCfg = Release|Any CPU
		{1DC49A26-C4EE-4FC1-A576-C8EF12C91273}.Release|Any CPU.Build.0 = Release|Any CPU
		{84549F18-0FE8-454C-815E-8E9300170487}.Debug|Any CPU.ActiveCfg = Debug|Any CPU
		{84549F18-0FE8-454C-815E-8E9300170487}.Debug|Any CPU.Build.0 = Debug|Any CPU
		{84549F18-0FE8-454C-815E-8E9300170487}.Release|Any CPU.ActiveCfg = Release|Any CPU
		{84549F18-0FE8-454C-815E-8E9300170487}.Release|Any CPU.Build.0 = Release|Any CPU
	EndGlobalSection
	GlobalSection(SolutionProperties) = preSolution
		HideSolutionNode = FALSE
	EndGlobalSection
	GlobalSection(ExtensibilityGlobals) = postSolution
		SolutionGuid = {CF0D1FAA-78CF-43BA-95EF-DDB778BACD9F}
	EndGlobalSection
EndGlobal
